
Microsoft Visual Studio Solution File, Format Version 12.00
# Visual Studio Version 17
VisualStudioVersion = 17.11.35208.52
MinimumVisualStudioVersion = 10.0.40219.1
Project("{9A19103F-16F7-4668-BE54-9A1E7A4F7556}") = "app-api-produto", "app-api-produto.csproj", "{1EC861CF-07AE-4066-BD72-AACFA83CEFDA}"
EndProject
Global
	GlobalSection(SolutionConfigurationPlatforms) = preSolution
		Debug|Any CPU = Debug|Any CPU
		Release|Any CPU = Release|Any CPU
	EndGlobalSection
	GlobalSection(ProjectConfigurationPlatforms) = postSolution
		{1EC861CF-07AE-4066-BD72-AACFA83CEFDA}.Debug|Any CPU.ActiveCfg = Debug|Any CPU
		{1EC861CF-07AE-4066-BD72-AACFA83CEFDA}.Debug|Any CPU.Build.0 = Debug|Any CPU
		{1EC861CF-07AE-4066-BD72-AACFA83CEFDA}.Release|Any CPU.ActiveCfg = Release|Any CPU
		{1EC861CF-07AE-4066-BD72-AACFA83CEFDA}.Release|Any CPU.Build.0 = Release|Any CPU
	EndGlobalSection
	GlobalSection(SolutionProperties) = preSolution
		HideSolutionNode = FALSE
	EndGlobalSection
	GlobalSection(ExtensibilityGlobals) = postSolution
		SolutionGuid = {3925331F-7941-4266-837B-313B086B33AA}
	EndGlobalSection
EndGlobal
